
Microsoft Visual Studio Solution File, Format Version 12.00
# Visual Studio Version 17
VisualStudioVersion = 17.1.32228.430
MinimumVisualStudioVersion = 10.0.40219.1
Project("{FAE04EC0-301F-11D3-BF4B-00C04F79EFBC}") = "ProjekAkhir", "ProjekAkhir\ProjekAkhir.csproj", "{2DD94C1A-7BF1-46C6-A4E4-3628877D72A9}"
EndProject
Global
	GlobalSection(SolutionConfigurationPlatforms) = preSolution
		Debug|Any CPU = Debug|Any CPU
		Release|Any CPU = Release|Any CPU
	EndGlobalSection
	GlobalSection(ProjectConfigurationPlatforms) = postSolution
		{2DD94C1A-7BF1-46C6-A4E4-3628877D72A9}.Debug|Any CPU.ActiveCfg = Debug|Any CPU
		{2DD94C1A-7BF1-46C6-A4E4-3628877D72A9}.Debug|Any CPU.Build.0 = Debug|Any CPU
		{2DD94C1A-7BF1-46C6-A4E4-3628877D72A9}.Release|Any CPU.ActiveCfg = Release|Any CPU
		{2DD94C1A-7BF1-46C6-A4E4-3628877D72A9}.Release|Any CPU.Build.0 = Release|Any CPU
	EndGlobalSection
	GlobalSection(SolutionProperties) = preSolution
		HideSolutionNode = FALSE
	EndGlobalSection
	GlobalSection(ExtensibilityGlobals) = postSolution
		SolutionGuid = {91584467-E9D7-4B16-AB98-14ABA53224D4}
	EndGlobalSection
EndGlobal
